
Microsoft Visual Studio Solution File, Format Version 12.00
# Visual Studio Version 16
VisualStudioVersion = 16.0.29123.88
MinimumVisualStudioVersion = 10.0.40219.1
Project("{FAE04EC0-301F-11D3-BF4B-00C04F79EFBC}") = "DBInsert", "WindowsFormsApp1\DBInsert.csproj", "{9A8F9F33-40CD-4386-9FB2-F55908D51F92}"
EndProject
Global
	GlobalSection(SolutionConfigurationPlatforms) = preSolution
		Debug|Any CPU = Debug|Any CPU
		Release|Any CPU = Release|Any CPU
	EndGlobalSection
	GlobalSection(ProjectConfigurationPlatforms) = postSolution
		{9A8F9F33-40CD-4386-9FB2-F55908D51F92}.Debug|Any CPU.ActiveCfg = Debug|Any CPU
		{9A8F9F33-40CD-4386-9FB2-F55908D51F92}.Debug|Any CPU.Build.0 = Debug|Any CPU
		{9A8F9F33-40CD-4386-9FB2-F55908D51F92}.Release|Any CPU.ActiveCfg = Release|Any CPU
		{9A8F9F33-40CD-4386-9FB2-F55908D51F92}.Release|Any CPU.Build.0 = Release|Any CPU
	EndGlobalSection
	GlobalSection(SolutionProperties) = preSolution
		HideSolutionNode = FALSE
	EndGlobalSection
	GlobalSection(ExtensibilityGlobals) = postSolution
		SolutionGuid = {9C21E117-B7C3-4DFA-BC1F-5CAA4F9DB795}
	EndGlobalSection
EndGlobal
